
Microsoft Visual Studio Solution File, Format Version 12.00
# Visual Studio Version 16
VisualStudioVersion = 16.0.31702.278
MinimumVisualStudioVersion = 10.0.40219.1
Project("{9A19103F-16F7-4668-BE54-9A1E7A4F7556}") = "AIS.API", "AIS\AIS.API.csproj", "{740B02F6-B0B7-4B0F-BA4E-B735B0BC4597}"
EndProject
Project("{2150E333-8FDC-42A3-9474-1A3956D46DE8}") = "Solution Items", "Solution Items", "{89D3044B-7079-467D-B998-5E67A3B5DFA9}"
	ProjectSection(SolutionItems) = preProject
		NuGet.Config = NuGet.Config
	EndProjectSection
EndProject
Project("{2150E333-8FDC-42A3-9474-1A3956D46DE8}") = "Libs", "Libs", "{6A128AF2-93F6-49FB-96D6-3BE3A2BA12BF}"
EndProject
Project("{9A19103F-16F7-4668-BE54-9A1E7A4F7556}") = "AIS.LogFactory", "Libs\AIS.LogFactory\AIS.LogFactory.csproj", "{2FC2B34B-FE9D-4D50-A8CF-E67F533E0092}"
EndProject
Project("{9A19103F-16F7-4668-BE54-9A1E7A4F7556}") = "AIS.Registration", "Libs\AIS.Registration\AIS.Registration.csproj", "{998648F3-084C-4114-962B-414287AED31C}"
EndProject
Project("{2150E333-8FDC-42A3-9474-1A3956D46DE8}") = "Data", "Data", "{75C94351-D52E-45C3-9550-0980EE374C7A}"
EndProject
Project("{9A19103F-16F7-4668-BE54-9A1E7A4F7556}") = "AIS.Data.Entity", "Libs\Data\AIS.Data.Model\AIS.Data.Entity.csproj", "{61C2420C-A535-42F2-A120-0364347F34A1}"
EndProject
Project("{9A19103F-16F7-4668-BE54-9A1E7A4F7556}") = "AIS.Data.Business", "Libs\Data\AIS.Data.Business\AIS.Data.Business.csproj", "{AB327797-A117-47D7-ADB4-444AA1C4AAED}"
EndProject
Project("{2150E333-8FDC-42A3-9474-1A3956D46DE8}") = "EF", "EF", "{12F455AD-F983-47A2-9324-3612D74E21CE}"
EndProject
Project("{9A19103F-16F7-4668-BE54-9A1E7A4F7556}") = "AIS.Data.EF.MongoDB", "Libs\Data\EF\AIS.Data.EF.MongoDB\AIS.Data.EF.MongoDB.csproj", "{18CFB062-18A8-4B07-802F-CD0205D6324C}"
EndProject
Project("{9A19103F-16F7-4668-BE54-9A1E7A4F7556}") = "AIS.API.Handlers", "Libs\AIS.API.Handlers\AIS.API.Handlers.csproj", "{4235B835-70C4-4334-8A8C-86ECEE8A115F}"
EndProject
Project("{9A19103F-16F7-4668-BE54-9A1E7A4F7556}") = "AIS.Commands", "Libs\AIS.Commands\AIS.Commands.csproj", "{BCB5FA2F-F577-4D82-B575-F438597AD8CC}"
EndProject
Project("{9A19103F-16F7-4668-BE54-9A1E7A4F7556}") = "AIS.Model", "Libs\AIS.Model\AIS.Model.csproj", "{59809C6A-A80A-44B7-9E20-D62219494F91}"
EndProject
Project("{9A19103F-16F7-4668-BE54-9A1E7A4F7556}") = "AIS.Mappers", "Libs\AIS.Mappers\AIS.Mappers.csproj", "{0EEC5721-8167-4F22-A8B2-FB8834FCC262}"
EndProject
Project("{9A19103F-16F7-4668-BE54-9A1E7A4F7556}") = "AIS.MapperRegistration", "Libs\AIS.MapperRegistration\AIS.MapperRegistration.csproj", "{0CA8F2FB-E02A-45F4-B521-6ECC602D3FF2}"
EndProject
Project("{9A19103F-16F7-4668-BE54-9A1E7A4F7556}") = "AIS.Authenticator", "Libs\AIS.Authenticator\AIS.Authenticator.csproj", "{8C484F4E-5D00-4FBA-BF02-0F6062078B0F}"
EndProject
Project("{FAE04EC0-301F-11D3-BF4B-00C04F79EFBC}") = "AIS.Interface", "Libs\AIS.Interface\AIS.Interface.csproj", "{269F788B-2ABC-473F-9BE8-B20C901D0C2E}"
EndProject
Global
	GlobalSection(SolutionConfigurationPlatforms) = preSolution
		Debug|Any CPU = Debug|Any CPU
		Release|Any CPU = Release|Any CPU
	EndGlobalSection
	GlobalSection(ProjectConfigurationPlatforms) = postSolution
		{740B02F6-B0B7-4B0F-BA4E-B735B0BC4597}.Debug|Any CPU.ActiveCfg = Debug|Any CPU
		{740B02F6-B0B7-4B0F-BA4E-B735B0BC4597}.Debug|Any CPU.Build.0 = Debug|Any CPU
		{740B02F6-B0B7-4B0F-BA4E-B735B0BC4597}.Release|Any CPU.ActiveCfg = Release|Any CPU
		{740B02F6-B0B7-4B0F-BA4E-B735B0BC4597}.Release|Any CPU.Build.0 = Release|Any CPU
		{2FC2B34B-FE9D-4D50-A8CF-E67F533E0092}.Debug|Any CPU.ActiveCfg = Debug|Any CPU
		{2FC2B34B-FE9D-4D50-A8CF-E67F533E0092}.Debug|Any CPU.Build.0 = Debug|Any CPU
		{2FC2B34B-FE9D-4D50-A8CF-E67F533E0092}.Release|Any CPU.ActiveCfg = Release|Any CPU
		{2FC2B34B-FE9D-4D50-A8CF-E67F533E0092}.Release|Any CPU.Build.0 = Release|Any CPU
		{998648F3-084C-4114-962B-414287AED31C}.Debug|Any CPU.ActiveCfg = Debug|Any CPU
		{998648F3-084C-4114-962B-414287AED31C}.Debug|Any CPU.Build.0 = Debug|Any CPU
		{998648F3-084C-4114-962B-414287AED31C}.Release|Any CPU.ActiveCfg = Release|Any CPU
		{998648F3-084C-4114-962B-414287AED31C}.Release|Any CPU.Build.0 = Release|Any CPU
		{61C2420C-A535-42F2-A120-0364347F34A1}.Debug|Any CPU.ActiveCfg = Debug|Any CPU
		{61C2420C-A535-42F2-A120-0364347F34A1}.Debug|Any CPU.Build.0 = Debug|Any CPU
		{61C2420C-A535-42F2-A120-0364347F34A1}.Release|Any CPU.ActiveCfg = Release|Any CPU
		{61C2420C-A535-42F2-A120-0364347F34A1}.Release|Any CPU.Build.0 = Release|Any CPU
		{AB327797-A117-47D7-ADB4-444AA1C4AAED}.Debug|Any CPU.ActiveCfg = Debug|Any CPU
		{AB327797-A117-47D7-ADB4-444AA1C4AAED}.Debug|Any CPU.Build.0 = Debug|Any CPU
		{AB327797-A117-47D7-ADB4-444AA1C4AAED}.Release|Any CPU.ActiveCfg = Release|Any CPU
		{AB327797-A117-47D7-ADB4-444AA1C4AAED}.Release|Any CPU.Build.0 = Release|Any CPU
		{18CFB062-18A8-4B07-802F-CD0205D6324C}.Debug|Any CPU.ActiveCfg = Debug|Any CPU
		{18CFB062-18A8-4B07-802F-CD0205D6324C}.Debug|Any CPU.Build.0 = Debug|Any CPU
		{18CFB062-18A8-4B07-802F-CD0205D6324C}.Release|Any CPU.ActiveCfg = Release|Any CPU
		{18CFB062-18A8-4B07-802F-CD0205D6324C}.Release|Any CPU.Build.0 = Release|Any CPU
		{4235B835-70C4-4334-8A8C-86ECEE8A115F}.Debug|Any CPU.ActiveCfg = Debug|Any CPU
		{4235B835-70C4-4334-8A8C-86ECEE8A115F}.Debug|Any CPU.Build.0 = Debug|Any CPU
		{4235B835-70C4-4334-8A8C-86ECEE8A115F}.Release|Any CPU.ActiveCfg = Release|Any CPU
		{4235B835-70C4-4334-8A8C-86ECEE8A115F}.Release|Any CPU.Build.0 = Release|Any CPU
		{BCB5FA2F-F577-4D82-B575-F438597AD8CC}.Debug|Any CPU.ActiveCfg = Debug|Any CPU
		{BCB5FA2F-F577-4D82-B575-F438597AD8CC}.Debug|Any CPU.Build.0 = Debug|Any CPU
		{BCB5FA2F-F577-4D82-B575-F438597AD8CC}.Release|Any CPU.ActiveCfg = Release|Any CPU
		{BCB5FA2F-F577-4D82-B575-F438597AD8CC}.Release|Any CPU.Build.0 = Release|Any CPU
		{59809C6A-A80A-44B7-9E20-D62219494F91}.Debug|Any CPU.ActiveCfg = Debug|Any CPU
		{59809C6A-A80A-44B7-9E20-D62219494F91}.Debug|Any CPU.Build.0 = Debug|Any CPU
		{59809C6A-A80A-44B7-9E20-D62219494F91}.Release|Any CPU.ActiveCfg = Release|Any CPU
		{59809C6A-A80A-44B7-9E20-D62219494F91}.Release|Any CPU.Build.0 = Release|Any CPU
		{0EEC5721-8167-4F22-A8B2-FB8834FCC262}.Debug|Any CPU.ActiveCfg = Debug|Any CPU
		{0EEC5721-8167-4F22-A8B2-FB8834FCC262}.Debug|Any CPU.Build.0 = Debug|Any CPU
		{0EEC5721-8167-4F22-A8B2-FB8834FCC262}.Release|Any CPU.ActiveCfg = Release|Any CPU
		{0EEC5721-8167-4F22-A8B2-FB8834FCC262}.Release|Any CPU.Build.0 = Release|Any CPU
		{0CA8F2FB-E02A-45F4-B521-6ECC602D3FF2}.Debug|Any CPU.ActiveCfg = Debug|Any CPU
		{0CA8F2FB-E02A-45F4-B521-6ECC602D3FF2}.Debug|Any CPU.Build.0 = Debug|Any CPU
		{0CA8F2FB-E02A-45F4-B521-6ECC602D3FF2}.Release|Any CPU.ActiveCfg = Release|Any CPU
		{0CA8F2FB-E02A-45F4-B521-6ECC602D3FF2}.Release|Any CPU.Build.0 = Release|Any CPU
		{8C484F4E-5D00-4FBA-BF02-0F6062078B0F}.Debug|Any CPU.ActiveCfg = Debug|Any CPU
		{8C484F4E-5D00-4FBA-BF02-0F6062078B0F}.Debug|Any CPU.Build.0 = Debug|Any CPU
		{8C484F4E-5D00-4FBA-BF02-0F6062078B0F}.Release|Any CPU.ActiveCfg = Release|Any CPU
		{8C484F4E-5D00-4FBA-BF02-0F6062078B0F}.Release|Any CPU.Build.0 = Release|Any CPU
		{269F788B-2ABC-473F-9BE8-B20C901D0C2E}.Debug|Any CPU.ActiveCfg = Debug|Any CPU
		{269F788B-2ABC-473F-9BE8-B20C901D0C2E}.Debug|Any CPU.Build.0 = Debug|Any CPU
		{269F788B-2ABC-473F-9BE8-B20C901D0C2E}.Release|Any CPU.ActiveCfg = Release|Any CPU
		{269F788B-2ABC-473F-9BE8-B20C901D0C2E}.Release|Any CPU.Build.0 = Release|Any CPU
	EndGlobalSection
	GlobalSection(SolutionProperties) = preSolution
		HideSolutionNode = FALSE
	EndGlobalSection
	GlobalSection(NestedProjects) = preSolution
		{2FC2B34B-FE9D-4D50-A8CF-E67F533E0092} = {6A128AF2-93F6-49FB-96D6-3BE3A2BA12BF}
		{998648F3-084C-4114-962B-414287AED31C} = {6A128AF2-93F6-49FB-96D6-3BE3A2BA12BF}
		{75C94351-D52E-45C3-9550-0980EE374C7A} = {6A128AF2-93F6-49FB-96D6-3BE3A2BA12BF}
		{61C2420C-A535-42F2-A120-0364347F34A1} = {75C94351-D52E-45C3-9550-0980EE374C7A}
		{AB327797-A117-47D7-ADB4-444AA1C4AAED} = {75C94351-D52E-45C3-9550-0980EE374C7A}
		{12F455AD-F983-47A2-9324-3612D74E21CE} = {75C94351-D52E-45C3-9550-0980EE374C7A}
		{18CFB062-18A8-4B07-802F-CD0205D6324C} = {12F455AD-F983-47A2-9324-3612D74E21CE}
		{4235B835-70C4-4334-8A8C-86ECEE8A115F} = {6A128AF2-93F6-49FB-96D6-3BE3A2BA12BF}
		{BCB5FA2F-F577-4D82-B575-F438597AD8CC} = {6A128AF2-93F6-49FB-96D6-3BE3A2BA12BF}
		{59809C6A-A80A-44B7-9E20-D62219494F91} = {6A128AF2-93F6-49FB-96D6-3BE3A2BA12BF}
		{0EEC5721-8167-4F22-A8B2-FB8834FCC262} = {6A128AF2-93F6-49FB-96D6-3BE3A2BA12BF}
		{0CA8F2FB-E02A-45F4-B521-6ECC602D3FF2} = {6A128AF2-93F6-49FB-96D6-3BE3A2BA12BF}
		{8C484F4E-5D00-4FBA-BF02-0F6062078B0F} = {6A128AF2-93F6-49FB-96D6-3BE3A2BA12BF}
		{269F788B-2ABC-473F-9BE8-B20C901D0C2E} = {6A128AF2-93F6-49FB-96D6-3BE3A2BA12BF}
	EndGlobalSection
	GlobalSection(ExtensibilityGlobals) = postSolution
		SolutionGuid = {CCBDD357-315B-4004-9E45-8B754F652F68}
	EndGlobalSection
EndGlobal
